
Microsoft Visual Studio Solution File, Format Version 12.00
# Visual Studio Version 16
VisualStudioVersion = 16.0.33328.57
MinimumVisualStudioVersion = 10.0.40219.1
Project("{FAE04EC0-301F-11D3-BF4B-00C04F79EFBC}") = "MemChanger", "MemChanger\MemChanger.csproj", "{0B51CD0E-409E-48DF-8A9C-98CD551858D9}"
EndProject
Global
	GlobalSection(SolutionConfigurationPlatforms) = preSolution
		Debug|Any CPU = Debug|Any CPU
		Release|Any CPU = Release|Any CPU
	EndGlobalSection
	GlobalSection(ProjectConfigurationPlatforms) = postSolution
		{0B51CD0E-409E-48DF-8A9C-98CD551858D9}.Debug|Any CPU.ActiveCfg = Debug|Any CPU
		{0B51CD0E-409E-48DF-8A9C-98CD551858D9}.Debug|Any CPU.Build.0 = Debug|Any CPU
		{0B51CD0E-409E-48DF-8A9C-98CD551858D9}.Release|Any CPU.ActiveCfg = Release|Any CPU
		{0B51CD0E-409E-48DF-8A9C-98CD551858D9}.Release|Any CPU.Build.0 = Release|Any CPU
	EndGlobalSection
	GlobalSection(SolutionProperties) = preSolution
		HideSolutionNode = FALSE
	EndGlobalSection
	GlobalSection(ExtensibilityGlobals) = postSolution
		SolutionGuid = {869D1E02-20EE-479F-BBD8-80AF6508D61D}
	EndGlobalSection
EndGlobal
